speakeasyVersion: 1.455.7
sources:
    atoma-proxy:
        sourceNamespace: atoma-proxy
        sourceRevisionDigest: sha256:92f0e03fe1d4121ae4f7adab9c2f8f359901ef4f538af4eb486bba531640b736
        sourceBlobDigest: sha256:5dff5e3b07e06d182b6e575135afc1507b6132178fe340c123a60050494dfa5e
        tags:
            - latest
            - 0.1.0
targets:
    atoma-sdk:
        source: atoma-proxy
        sourceNamespace: atoma-proxy
        sourceRevisionDigest: sha256:92f0e03fe1d4121ae4f7adab9c2f8f359901ef4f538af4eb486bba531640b736
        sourceBlobDigest: sha256:5dff5e3b07e06d182b6e575135afc1507b6132178fe340c123a60050494dfa5e
        codeSamplesNamespace: atoma-proxy-python-code-samples
        codeSamplesRevisionDigest: sha256:5bffd443f55e6103e398b6a8f277519a94f8f01586fdf28c42caecb2ac0f5ef2
workflow:
    workflowVersion: 1.0.0
    speakeasyVersion: latest
    sources:
        atoma-proxy:
            inputs:
                - location: ../atoma-proxy/atoma-proxy/docs/openapi.yml
            registry:
                location: registry.speakeasyapi.dev/atoma-francis/atoma-proxy/atoma-proxy
    targets:
        atoma-sdk:
            target: python
            source: atoma-proxy
            codeSamples:
                registry:
                    location: registry.speakeasyapi.dev/atoma-francis/atoma-proxy/atoma-proxy-python-code-samples
                blocking: false
