speakeasyVersion: 1.455.7
sources:
    atoma-proxy:
        sourceNamespace: atoma-proxy
        sourceRevisionDigest: sha256:97aebeb14a99bfc3f4fecbe3467d5579bc73d2916140f900e5503f6094690ba7
        sourceBlobDigest: sha256:0617c4ca00c96976e884c766c33fe2b5e4d58cde861de70986d558d9642b5f97
        tags:
            - latest
            - 0.1.0
targets:
    atoma-sdk:
        source: atoma-proxy
        sourceNamespace: atoma-proxy
        sourceRevisionDigest: sha256:97aebeb14a99bfc3f4fecbe3467d5579bc73d2916140f900e5503f6094690ba7
        sourceBlobDigest: sha256:0617c4ca00c96976e884c766c33fe2b5e4d58cde861de70986d558d9642b5f97
        codeSamplesNamespace: atoma-proxy-python-code-samples
        codeSamplesRevisionDigest: sha256:fbd8460681476bcd17f9555a0655a2bd8a7c70146381f9aae26c773019fbd6b5
workflow:
    workflowVersion: 1.0.0
    speakeasyVersion: latest
    sources:
        atoma-proxy:
            inputs:
                - location: ../atoma-proxy/atoma-proxy/docs/openapi.yml
            registry:
                location: registry.speakeasyapi.dev/atoma-francis/atoma-proxy/atoma-proxy
    targets:
        atoma-sdk:
            target: python
            source: atoma-proxy
            codeSamples:
                registry:
                    location: registry.speakeasyapi.dev/atoma-francis/atoma-proxy/atoma-proxy-python-code-samples
                blocking: false
