speakeasyVersion: 1.455.7
sources:
    atoma-proxy:
        sourceNamespace: atoma-proxy
        sourceRevisionDigest: sha256:a8f96899b6ed578b44b38cb1148f61633d94df11a3061bc4f128c3a57b38f570
        sourceBlobDigest: sha256:0aa831e0baa93ecacb24904a88f8b62b8e1482c76ff9b90a6ba219bc2bfebe1f
        tags:
            - latest
            - 0.1.0
targets:
    atoma-sdk:
        source: atoma-proxy
        sourceNamespace: atoma-proxy
        sourceRevisionDigest: sha256:a8f96899b6ed578b44b38cb1148f61633d94df11a3061bc4f128c3a57b38f570
        sourceBlobDigest: sha256:0aa831e0baa93ecacb24904a88f8b62b8e1482c76ff9b90a6ba219bc2bfebe1f
        codeSamplesNamespace: atoma-proxy-python-code-samples
        codeSamplesRevisionDigest: sha256:c1179ed542e13138126005c75bdb6aa23c39f1545381fd9223fb9cdddfd5ccdf
workflow:
    workflowVersion: 1.0.0
    speakeasyVersion: latest
    sources:
        atoma-proxy:
            inputs:
                - location: ../atoma-proxy/atoma-proxy/docs/openapi.yml
            registry:
                location: registry.speakeasyapi.dev/atoma-francis/atoma-proxy/atoma-proxy
    targets:
        atoma-sdk:
            target: python
            source: atoma-proxy
            codeSamples:
                registry:
                    location: registry.speakeasyapi.dev/atoma-francis/atoma-proxy/atoma-proxy-python-code-samples
                blocking: false
